<?xml version="1.0" encoding="utf-8"?>
<Project ToolsVersion="4.0" xmlns="http://schemas.microsoft.com/developer/msbuild/2003">
  <ItemGroup>
    <Filter Include="Source Files">
      <UniqueIdentifier>{4FC737F1-C7A5-4376-A066-2A32D752A2FF}</UniqueIdentifier>
      <Extensions>cpp;c;cc;cxx;def;odl;idl;hpj;bat;asm;asmx</Extensions>
    </Filter>
    <Filter Include="Header Files">
      <UniqueIdentifier>{93995380-89BD-4b04-88EB-625FBE52EBFB}</UniqueIdentifier>
      <Extensions>h;hh;hpp;hxx;hm;inl;inc;xsd</Extensions>
    </Filter>
    <Filter Include="Resource Files">
      <UniqueIdentifier>{67DA6AB6-F800-4c08-8B7A-83BB121AAD01}</UniqueIdentifier>
      <Extensions>rc;ico;cur;bmp;dlg;rc2;rct;bin;rgs;gif;jpg;jpeg;jpe;resx;tiff;tif;png;wav;mfcribbon-ms</Extensions>
    </Filter>
  </ItemGroup>
  <ItemGroup>
    <ClCompile Include="definitions.cpp">
      <Filter>Source Files</Filter>
    </ClCompile>
  </ItemGroup>
  <ItemGroup>
    <ClInclude Include="CAI_BaseNPC.h">
      <Filter>Header Files</Filter>
    </ClInclude>
    <ClInclude Include="CBaseAnimating.h">
      <Filter>Header Files</Filter>
    </ClInclude>
    <ClInclude Include="CBaseAnimatingOverlay.h">
      <Filter>Header Files</Filter>
    </ClInclude>
    <ClInclude Include="CBaseAttributableItem.h">
      <Filter>Header Files</Filter>
    </ClInclude>
    <ClInclude Include="CBaseButton.h">
      <Filter>Header Files</Filter>
    </ClInclude>
    <ClInclude Include="CBaseCombatCharacter.h">
      <Filter>Header Files</Filter>
    </ClInclude>
    <ClInclude Include="CBaseCombatWeapon.h">
      <Filter>Header Files</Filter>
    </ClInclude>
    <ClInclude Include="CBaseDoor.h">
      <Filter>Header Files</Filter>
    </ClInclude>
    <ClInclude Include="CBaseEntity.h">
      <Filter>Header Files</Filter>
    </ClInclude>
    <ClInclude Include="CBaseFlex.h">
      <Filter>Header Files</Filter>
    </ClInclude>
    <ClInclude Include="CBaseGrenade.h">
      <Filter>Header Files</Filter>
    </ClInclude>
    <ClInclude Include="CBaseParticleEntity.h">
      <Filter>Header Files</Filter>
    </ClInclude>
    <ClInclude Include="CBasePlayer.h">
      <Filter>Header Files</Filter>
    </ClInclude>
    <ClInclude Include="CBasePropDoor.h">
      <Filter>Header Files</Filter>
    </ClInclude>
    <ClInclude Include="CBaseTempEntity.h">
      <Filter>Header Files</Filter>
    </ClInclude>
    <ClInclude Include="CBaseToggle.h">
      <Filter>Header Files</Filter>
    </ClInclude>
    <ClInclude Include="CBaseTrigger.h">
      <Filter>Header Files</Filter>
    </ClInclude>
    <ClInclude Include="CBaseViewModel.h">
      <Filter>Header Files</Filter>
    </ClInclude>
    <ClInclude Include="CBeam.h">
      <Filter>Header Files</Filter>
    </ClInclude>
    <ClInclude Include="CBeamSpotlight.h">
      <Filter>Header Files</Filter>
    </ClInclude>
    <ClInclude Include="CBoneFollower.h">
      <Filter>Header Files</Filter>
    </ClInclude>
    <ClInclude Include="CBreakableProp.h">
      <Filter>Header Files</Filter>
    </ClInclude>
    <ClInclude Include="CBreakableSurface.h">
      <Filter>Header Files</Filter>
    </ClInclude>
    <ClInclude Include="CColorCorrection.h">
      <Filter>Header Files</Filter>
    </ClInclude>
    <ClInclude Include="CColorCorrectionVolume.h">
      <Filter>Header Files</Filter>
    </ClInclude>
    <ClInclude Include="CDOTA_Ability_AbyssalUnderlord_DarkRift.h">
      <Filter>Header Files</Filter>
    </ClInclude>
    <ClInclude Include="CDOTA_Ability_AbyssalUnderlord_Firestorm.h">
      <Filter>Header Files</Filter>
    </ClInclude>
    <ClInclude Include="CDOTA_Ability_AbyssalUnderlord_PitOfMalice.h">
      <Filter>Header Files</Filter>
    </ClInclude>
    <ClInclude Include="CDOTA_Ability_Alchemist_AcidSpray.h">
      <Filter>Header Files</Filter>
    </ClInclude>
    <ClInclude Include="CDOTA_Ability_AncientApparition_ChillingTouch.h">
      <Filter>Header Files</Filter>
    </ClInclude>
    <ClInclude Include="CDOTA_Ability_AncientApparition_ColdFeet.h">
      <Filter>Header Files</Filter>
    </ClInclude>
    <ClInclude Include="CDOTA_Ability_AncientApparition_IceBlast.h">
      <Filter>Header Files</Filter>
    </ClInclude>
    <ClInclude Include="CDOTA_Ability_AncientApparition_IceVortex.h">
      <Filter>Header Files</Filter>
    </ClInclude>
    <ClInclude Include="CDOTA_Ability_AntiMage_Blink.h">
      <Filter>Header Files</Filter>
    </ClInclude>
    <ClInclude Include="CDOTA_Ability_AntiMage_ManaVoid.h">
      <Filter>Header Files</Filter>
    </ClInclude>
    <ClInclude Include="CDOTA_Ability_AttributeBonus.h">
      <Filter>Header Files</Filter>
    </ClInclude>
    <ClInclude Include="CDOTA_Ability_Axe_BerserkersCall.h">
      <Filter>Header Files</Filter>
    </ClInclude>
    <ClInclude Include="CDOTA_Ability_Axe_CounterHelix.h">
      <Filter>Header Files</Filter>
    </ClInclude>
    <ClInclude Include="CDOTA_Ability_Axe_CullingBlade.h">
      <Filter>Header Files</Filter>
    </ClInclude>
    <ClInclude Include="CDOTA_Ability_Bane_FiendsGrip.h">
      <Filter>Header Files</Filter>
    </ClInclude>
    <ClInclude Include="CDOTA_Ability_Batrider_Flamebreak.h">
      <Filter>Header Files</Filter>
    </ClInclude>
    <ClInclude Include="CDOTA_Ability_Batrider_StickyNapalm.h">
      <Filter>Header Files</Filter>
    </ClInclude>
    <ClInclude Include="CDOTA_Ability_Beastmaster_PrimalRoar.h">
      <Filter>Header Files</Filter>
    </ClInclude>
    <ClInclude Include="CDOTA_Ability_Bloodseeker_Bloodbath.h">
      <Filter>Header Files</Filter>
    </ClInclude>
    <ClInclude Include="CDOTA_Ability_BountyHunter_ShurikenToss.h">
      <Filter>Header Files</Filter>
    </ClInclude>
    <ClInclude Include="CDOTA_Ability_Brewmaster_DispelMagic.h">
      <Filter>Header Files</Filter>
    </ClInclude>
    <ClInclude Include="CDOTA_Ability_Brewmaster_DrunkenBrawler.h">
      <Filter>Header Files</Filter>
    </ClInclude>
    <ClInclude Include="CDOTA_Ability_Brewmaster_DrunkenHaze.h">
      <Filter>Header Files</Filter>
    </ClInclude>
    <ClInclude Include="CDOTA_Ability_Brewmaster_PrimalSplit.h">
      <Filter>Header Files</Filter>
    </ClInclude>
    <ClInclude Include="CDOTA_Ability_Bristleback_QuillSpray.h">
      <Filter>Header Files</Filter>
    </ClInclude>
    <ClInclude Include="CDOTA_Ability_Broodmother_SpinWeb.h">
      <Filter>Header Files</Filter>
    </ClInclude>
    <ClInclude Include="CDOTA_Ability_Centaur_Stampede.h">
      <Filter>Header Files</Filter>
    </ClInclude>
    <ClInclude Include="CDOTA_Ability_ChaosKnight_Phantasm.h">
      <Filter>Header Files</Filter>
    </ClInclude>
    <ClInclude Include="CDOTA_Ability_Chen_HandOfGod.h">
      <Filter>Header Files</Filter>
    </ClInclude>
    <ClInclude Include="CDOTA_Ability_Chen_HolyPersuasion.h">
      <Filter>Header Files</Filter>
    </ClInclude>
    <ClInclude Include="CDOTA_Ability_Chen_TestOfFaithTeleport.h">
      <Filter>Header Files</Filter>
    </ClInclude>
    <ClInclude Include="CDOTA_Ability_Courier_TakeStashItems.h">
      <Filter>Header Files</Filter>
    </ClInclude>
    <ClInclude Include="CDOTA_Ability_Courier_TransferItems.h">
      <Filter>Header Files</Filter>
    </ClInclude>
    <ClInclude Include="CDOTA_Ability_CrystalMaiden_CrystalNova.h">
      <Filter>Header Files</Filter>
    </ClInclude>
    <ClInclude Include="CDOTA_Ability_CrystalMaiden_FreezingField.h">
      <Filter>Header Files</Filter>
    </ClInclude>
    <ClInclude Include="CDOTA_Ability_DarkSeer_Vacuum.h">
      <Filter>Header Files</Filter>
    </ClInclude>
    <ClInclude Include="CDOTA_Ability_DataDriven.h">
      <Filter>Header Files</Filter>
    </ClInclude>
    <ClInclude Include="CDOTA_Ability_Dazzle_Weave.h">
      <Filter>Header Files</Filter>
    </ClInclude>
    <ClInclude Include="CDOTA_Ability_DeathProphet_CarrionSwarm.h">
      <Filter>Header Files</Filter>
    </ClInclude>
    <ClInclude Include="CDOTA_Ability_DeathProphet_Silence.h">
      <Filter>Header Files</Filter>
    </ClInclude>
    <ClInclude Include="CDOTA_Ability_Disruptor_KineticField.h">
      <Filter>Header Files</Filter>
    </ClInclude>
    <ClInclude Include="CDOTA_Ability_Disruptor_StaticStorm.h">
      <Filter>Header Files</Filter>
    </ClInclude>
    <ClInclude Include="CDOTA_Ability_DoomBringer_Devour.h">
      <Filter>Header Files</Filter>
    </ClInclude>
    <ClInclude Include="CDOTA_Ability_DragonKnight_BreatheFire.h">
      <Filter>Header Files</Filter>
    </ClInclude>
    <ClInclude Include="CDOTA_Ability_DrowRanger_Silence.h">
      <Filter>Header Files</Filter>
    </ClInclude>
    <ClInclude Include="CDOTA_Ability_DrowRanger_WaveOfSilence.h">
      <Filter>Header Files</Filter>
    </ClInclude>
    <ClInclude Include="CDOTA_Ability_EarthSpirit_BoulderSmash.h">
      <Filter>Header Files</Filter>
    </ClInclude>
    <ClInclude Include="CDOTA_Ability_EarthSpirit_GeomagneticGrip.h">
      <Filter>Header Files</Filter>
    </ClInclude>
    <ClInclude Include="CDOTA_Ability_EarthSpirit_Petrify.h">
      <Filter>Header Files</Filter>
    </ClInclude>
    <ClInclude Include="CDOTA_Ability_EarthSpirit_RollingBoulder.h">
      <Filter>Header Files</Filter>
    </ClInclude>
    <ClInclude Include="CDOTA_Ability_EarthSpirit_StoneCaller.h">
      <Filter>Header Files</Filter>
    </ClInclude>
    <ClInclude Include="CDOTA_Ability_Elder_Titan_EarthSplitter.h">
      <Filter>Header Files</Filter>
    </ClInclude>
    <ClInclude Include="CDOTA_Ability_EmberSpirit_Activate_FireRemnant.h">
      <Filter>Header Files</Filter>
    </ClInclude>
    <ClInclude Include="CDOTA_Ability_EmberSpirit_FireRemnant.h">
      <Filter>Header Files</Filter>
    </ClInclude>
    <ClInclude Include="CDOTA_Ability_EmberSpirit_SearingChains.h">
      <Filter>Header Files</Filter>
    </ClInclude>
    <ClInclude Include="CDOTA_Ability_EmberSpirit_SleightOfFist.h">
      <Filter>Header Files</Filter>
    </ClInclude>
    <ClInclude Include="CDOTA_Ability_Enchantress_Impetus.h">
      <Filter>Header Files</Filter>
    </ClInclude>
    <ClInclude Include="CDOTA_Ability_Enchantress_NaturesAttendants.h">
      <Filter>Header Files</Filter>
    </ClInclude>
    <ClInclude Include="CDOTA_Ability_Enchantress_Untouchable.h">
      <Filter>Header Files</Filter>
    </ClInclude>
    <ClInclude Include="CDOTA_Ability_Enigma_BlackHole.h">
      <Filter>Header Files</Filter>
    </ClInclude>
    <ClInclude Include="CDOTA_Ability_Enigma_DemonicConversion.h">
      <Filter>Header Files</Filter>
    </ClInclude>
    <ClInclude Include="CDOTA_Ability_Enigma_MidnightPulse.h">
      <Filter>Header Files</Filter>
    </ClInclude>
    <ClInclude Include="CDOTA_Ability_FacelessVoid_Chronosphere.h">
      <Filter>Header Files</Filter>
    </ClInclude>
    <ClInclude Include="CDOTA_Ability_FacelessVoid_TimeWalk.h">
      <Filter>Header Files</Filter>
    </ClInclude>
    <ClInclude Include="CDOTA_Ability_Furion_ForceOfNature.h">
      <Filter>Header Files</Filter>
    </ClInclude>
    <ClInclude Include="CDOTA_Ability_Furion_Teleportation.h">
      <Filter>Header Files</Filter>
    </ClInclude>
    <ClInclude Include="CDOTA_Ability_Greevil_BlackHole.h">
      <Filter>Header Files</Filter>
    </ClInclude>
    <ClInclude Include="CDOTA_Ability_Greevil_BladeFury.h">
      <Filter>Header Files</Filter>
    </ClInclude>
    <ClInclude Include="CDOTA_Ability_Greevil_Bloodlust.h">
      <Filter>Header Files</Filter>
    </ClInclude>
    <ClInclude Include="CDOTA_Ability_Greevil_ColdSnap.h">
      <Filter>Header Files</Filter>
    </ClInclude>
    <ClInclude Include="CDOTA_Ability_Greevil_Decrepify.h">
      <Filter>Header Files</Filter>
    </ClInclude>
    <ClInclude Include="CDOTA_Ability_Greevil_Diabolic_Edict.h">
      <Filter>Header Files</Filter>
    </ClInclude>
    <ClInclude Include="CDOTA_Ability_Greevil_EchoSlam.h">
      <Filter>Header Files</Filter>
    </ClInclude>
    <ClInclude Include="CDOTA_Ability_Greevil_Fatal_Bonds.h">
      <Filter>Header Files</Filter>
    </ClInclude>
    <ClInclude Include="CDOTA_Ability_Greevil_FleshGolem.h">
      <Filter>Header Files</Filter>
    </ClInclude>
    <ClInclude Include="CDOTA_Ability_Greevil_IceWall.h">
      <Filter>Header Files</Filter>
    </ClInclude>
    <ClInclude Include="CDOTA_Ability_Greevil_LagunaBlade.h">
      <Filter>Header Files</Filter>
    </ClInclude>
    <ClInclude Include="CDOTA_Ability_Greevil_LeechSeed.h">
      <Filter>Header Files</Filter>
    </ClInclude>
    <ClInclude Include="CDOTA_Ability_Greevil_Magic_Missile.h">
      <Filter>Header Files</Filter>
    </ClInclude>
    <ClInclude Include="CDOTA_Ability_Greevil_Maledict.h">
      <Filter>Header Files</Filter>
    </ClInclude>
    <ClInclude Include="CDOTA_Ability_Greevil_MeatHook.h">
      <Filter>Header Files</Filter>
    </ClInclude>
    <ClInclude Include="CDOTA_Ability_Greevil_Miniboss_Black_BrainSap.h">
      <Filter>Header Files</Filter>
    </ClInclude>
    <ClInclude Include="CDOTA_Ability_Greevil_Miniboss_Black_Nightmare.h">
      <Filter>Header Files</Filter>
    </ClInclude>
    <ClInclude Include="CDOTA_Ability_Greevil_Miniboss_Blue_ColdFeet.h">
      <Filter>Header Files</Filter>
    </ClInclude>
    <ClInclude Include="CDOTA_Ability_Greevil_Miniboss_Blue_IceVortex.h">
      <Filter>Header Files</Filter>
    </ClInclude>
    <ClInclude Include="CDOTA_Ability_Greevil_Miniboss_Green_LivingArmor.h">
      <Filter>Header Files</Filter>
    </ClInclude>
    <ClInclude Include="CDOTA_Ability_Greevil_Miniboss_Green_Overgrowth.h">
      <Filter>Header Files</Filter>
    </ClInclude>
    <ClInclude Include="CDOTA_Ability_Greevil_Miniboss_Orange_DragonSlave.h">
      <Filter>Header Files</Filter>
    </ClInclude>
    <ClInclude Include="CDOTA_Ability_Greevil_Miniboss_Orange_LightStrikeArray.h">
      <Filter>Header Files</Filter>
    </ClInclude>
    <ClInclude Include="CDOTA_Ability_Greevil_Miniboss_Purple_PlagueWard.h">
      <Filter>Header Files</Filter>
    </ClInclude>
    <ClInclude Include="CDOTA_Ability_Greevil_Miniboss_Purple_VenomousGale.h">
      <Filter>Header Files</Filter>
    </ClInclude>
    <ClInclude Include="CDOTA_Ability_Greevil_Miniboss_Red_Earthshock.h">
      <Filter>Header Files</Filter>
    </ClInclude>
    <ClInclude Include="CDOTA_Ability_Greevil_Miniboss_Red_Overpower.h">
      <Filter>Header Files</Filter>
    </ClInclude>
    <ClInclude Include="CDOTA_Ability_Greevil_Miniboss_Sight.h">
      <Filter>Header Files</Filter>
    </ClInclude>
    <ClInclude Include="CDOTA_Ability_Greevil_Miniboss_White_Degen_Aura.h">
      <Filter>Header Files</Filter>
    </ClInclude>
    <ClInclude Include="CDOTA_Ability_Greevil_Miniboss_White_Purification.h">
      <Filter>Header Files</Filter>
    </ClInclude>
    <ClInclude Include="CDOTA_Ability_Greevil_Miniboss_Yellow_IonShell.h">
      <Filter>Header Files</Filter>
    </ClInclude>
    <ClInclude Include="CDOTA_Ability_Greevil_Miniboss_Yellow_Surge.h">
      <Filter>Header Files</Filter>
    </ClInclude>
    <ClInclude Include="CDOTA_Ability_Greevil_NaturesAttendants.h">
      <Filter>Header Files</Filter>
    </ClInclude>
    <ClInclude Include="CDOTA_Ability_Greevil_PhantomStrike.h">
      <Filter>Header Files</Filter>
    </ClInclude>
    <ClInclude Include="CDOTA_Ability_Greevil_PoisonNova.h">
      <Filter>Header Files</Filter>
    </ClInclude>
    <ClInclude Include="CDOTA_Ability_Greevil_Purification.h">
      <Filter>Header Files</Filter>
    </ClInclude>
    <ClInclude Include="CDOTA_Ability_Greevil_Rot.h">
      <Filter>Header Files</Filter>
    </ClInclude>
    <ClInclude Include="CDOTA_Ability_Greevil_ShadowStrike.h">
      <Filter>Header Files</Filter>
    </ClInclude>
    <ClInclude Include="CDOTA_Ability_Greevil_ShadowWave.h">
      <Filter>Header Files</Filter>
    </ClInclude>
    <ClInclude Include="CDOTA_Ability_Greevil_TimeLock.h">
      <Filter>Header Files</Filter>
    </ClInclude>
    <ClInclude Include="CDOTA_Ability_Gyrocopter_Call_Down.h">
      <Filter>Header Files</Filter>
    </ClInclude>
    <ClInclude Include="CDOTA_Ability_Healing_Campfire.h">
      <Filter>Header Files</Filter>
    </ClInclude>
    <ClInclude Include="CDOTA_Ability_Holdout_CullingBlade.h">
      <Filter>Header Files</Filter>
    </ClInclude>
    <ClInclude Include="CDOTA_Ability_Holdout_GladiatorsUnite.h">
      <Filter>Header Files</Filter>
    </ClInclude>
    <ClInclude Include="CDOTA_Ability_Holdout_Multishot.h">
      <Filter>Header Files</Filter>
    </ClInclude>
    <ClInclude Include="CDOTA_Ability_Holdout_Omnislash.h">
      <Filter>Header Files</Filter>
    </ClInclude>
    <ClInclude Include="CDOTA_Ability_Huskar_Life_Break.h">
      <Filter>Header Files</Filter>
    </ClInclude>
    <ClInclude Include="CDOTA_Ability_Invoker_DeafeningBlast.h">
      <Filter>Header Files</Filter>
    </ClInclude>
    <ClInclude Include="CDOTA_Ability_Invoker_EMP.h">
      <Filter>Header Files</Filter>
    </ClInclude>
    <ClInclude Include="CDOTA_Ability_Invoker_Invoke.h">
      <Filter>Header Files</Filter>
    </ClInclude>
    <ClInclude Include="CDOTA_Ability_Invoker_InvokedBase.h">
      <Filter>Header Files</Filter>
    </ClInclude>
    <ClInclude Include="CDOTA_Ability_Invoker_SunStrike.h">
      <Filter>Header Files</Filter>
    </ClInclude>
    <ClInclude Include="CDOTA_Ability_Invoker_Tornado.h">
      <Filter>Header Files</Filter>
    </ClInclude>
    <ClInclude Include="CDOTA_Ability_Jakiro_DualBreath.h">
      <Filter>Header Files</Filter>
    </ClInclude>
    <ClInclude Include="CDOTA_Ability_Jakiro_IcePath.h">
      <Filter>Header Files</Filter>
    </ClInclude>
    <ClInclude Include="CDOTA_Ability_Jakiro_Macropyre.h">
      <Filter>Header Files</Filter>
    </ClInclude>
    <ClInclude Include="CDOTA_Ability_Juggernaut_HealingWard.h">
      <Filter>Header Files</Filter>
    </ClInclude>
    <ClInclude Include="CDOTA_Ability_Juggernaut_Omnislash.h">
      <Filter>Header Files</Filter>
    </ClInclude>
    <ClInclude Include="CDOTA_Ability_KeeperOfTheLight_BlindingLight.h">
      <Filter>Header Files</Filter>
    </ClInclude>
    <ClInclude Include="CDOTA_Ability_KeeperOfTheLight_Illuminate.h">
      <Filter>Header Files</Filter>
    </ClInclude>
    <ClInclude Include="CDOTA_Ability_KeeperOfTheLight_Recall.h">
      <Filter>Header Files</Filter>
    </ClInclude>
    <ClInclude Include="CDOTA_Ability_Kunkka_GhostShip.h">
      <Filter>Header Files</Filter>
    </ClInclude>
    <ClInclude Include="CDOTA_Ability_Kunkka_Tidebringer.h">
      <Filter>Header Files</Filter>
    </ClInclude>
    <ClInclude Include="CDOTA_Ability_Kunkka_Torrent.h">
      <Filter>Header Files</Filter>
    </ClInclude>
    <ClInclude Include="CDOTA_Ability_Legion_Commander_MomentOfCourage.h">
      <Filter>Header Files</Filter>
    </ClInclude>
    <ClInclude Include="CDOTA_Ability_Legion_Commander_OverwhelmingOdds.h">
      <Filter>Header Files</Filter>
    </ClInclude>
    <ClInclude Include="CDOTA_Ability_Leshrac_Diabolic_Edict.h">
      <Filter>Header Files</Filter>
    </ClInclude>
    <ClInclude Include="CDOTA_Ability_Leshrac_Pulse_Nova.h">
      <Filter>Header Files</Filter>
    </ClInclude>
    <ClInclude Include="CDOTA_Ability_Leshrac_Split_Earth.h">
      <Filter>Header Files</Filter>
    </ClInclude>
    <ClInclude Include="CDOTA_Ability_Lich_ChainFrost.h">
      <Filter>Header Files</Filter>
    </ClInclude>
    <ClInclude Include="CDOTA_Ability_Lich_FrostNova.h">
      <Filter>Header Files</Filter>
    </ClInclude>
    <ClInclude Include="CDOTA_Ability_Life_Stealer_Infest.h">
      <Filter>Header Files</Filter>
    </ClInclude>
    <ClInclude Include="CDOTA_Ability_Lina_DragonSlave.h">
      <Filter>Header Files</Filter>
    </ClInclude>
    <ClInclude Include="CDOTA_Ability_Lina_LagunaBlade.h">
      <Filter>Header Files</Filter>
    </ClInclude>
    <ClInclude Include="CDOTA_Ability_Lina_LightStrikeArray.h">
      <Filter>Header Files</Filter>
    </ClInclude>
    <ClInclude Include="CDOTA_Ability_Lion_FingerOfDeath.h">
      <Filter>Header Files</Filter>
    </ClInclude>
    <ClInclude Include="CDOTA_Ability_Lion_Impale.h">
      <Filter>Header Files</Filter>
    </ClInclude>
    <ClInclude Include="CDOTA_Ability_Lion_ManaDrain.h">
      <Filter>Header Files</Filter>
    </ClInclude>
    <ClInclude Include="CDOTA_Ability_LoneDruid_Rabid.h">
      <Filter>Header Files</Filter>
    </ClInclude>
    <ClInclude Include="CDOTA_Ability_LoneDruid_SpiritBear.h">
      <Filter>Header Files</Filter>
    </ClInclude>
    <ClInclude Include="CDOTA_Ability_LoneDruid_SpiritBear_Return.h">
      <Filter>Header Files</Filter>
    </ClInclude>
    <ClInclude Include="CDOTA_Ability_LoneDruid_TrueForm_BattleCry.h">
      <Filter>Header Files</Filter>
    </ClInclude>
    <ClInclude Include="CDOTA_Ability_LoneDruid_TrueForm_Druid.h">
      <Filter>Header Files</Filter>
    </ClInclude>
    <ClInclude Include="CDOTA_Ability_Luna_Eclipse.h">
      <Filter>Header Files</Filter>
    </ClInclude>
    <ClInclude Include="CDOTA_Ability_Luna_LunarBlessing.h">
      <Filter>Header Files</Filter>
    </ClInclude>
    <ClInclude Include="CDOTA_Ability_Lycan_Howl.h">
      <Filter>Header Files</Filter>
    </ClInclude>
    <ClInclude Include="CDOTA_Ability_Lycan_SummonWolves.h">
      <Filter>Header Files</Filter>
    </ClInclude>
    <ClInclude Include="CDOTA_Ability_Magnataur_ReversePolarity.h">
      <Filter>Header Files</Filter>
    </ClInclude>
    <ClInclude Include="CDOTA_Ability_Magnataur_Shockwave.h">
      <Filter>Header Files</Filter>
    </ClInclude>
    <ClInclude Include="CDOTA_Ability_Meepo_DividedWeStand.h">
      <Filter>Header Files</Filter>
    </ClInclude>
    <ClInclude Include="CDOTA_Ability_Meepo_Earthbind.h">
      <Filter>Header Files</Filter>
    </ClInclude>
    <ClInclude Include="CDOTA_Ability_Meepo_Poof.h">
      <Filter>Header Files</Filter>
    </ClInclude>
    <ClInclude Include="CDOTA_Ability_Morphling_Replicate.h">
      <Filter>Header Files</Filter>
    </ClInclude>
    <ClInclude Include="CDOTA_Ability_Morphling_Waveform.h">
      <Filter>Header Files</Filter>
    </ClInclude>
    <ClInclude Include="CDOTA_Ability_NagaSiren_MirrorImage.h">
      <Filter>Header Files</Filter>
    </ClInclude>
    <ClInclude Include="CDOTA_Ability_NagaSiren_RipTide.h">
      <Filter>Header Files</Filter>
    </ClInclude>
    <ClInclude Include="CDOTA_Ability_Necrolyte_Death_Pulse.h">
      <Filter>Header Files</Filter>
    </ClInclude>
    <ClInclude Include="CDOTA_Ability_Necrolyte_ReapersScythe.h">
      <Filter>Header Files</Filter>
    </ClInclude>
    <ClInclude Include="CDOTA_Ability_Nevermore_Requiem.h">
      <Filter>Header Files</Filter>
    </ClInclude>
    <ClInclude Include="CDOTA_Ability_Nian_Apocalypse.h">
      <Filter>Header Files</Filter>
    </ClInclude>
    <ClInclude Include="CDOTA_Ability_Nian_Eruption.h">
      <Filter>Header Files</Filter>
    </ClInclude>
    <ClInclude Include="CDOTA_Ability_Nian_Frenzy.h">
      <Filter>Header Files</Filter>
    </ClInclude>
    <ClInclude Include="CDOTA_Ability_Nian_Hurricane.h">
      <Filter>Header Files</Filter>
    </ClInclude>
    <ClInclude Include="CDOTA_Ability_Nian_Roar.h">
      <Filter>Header Files</Filter>
    </ClInclude>
    <ClInclude Include="CDOTA_Ability_Nian_Sigils.h">
      <Filter>Header Files</Filter>
    </ClInclude>
    <ClInclude Include="CDOTA_Ability_Nian_Tail_Swipe.h">
      <Filter>Header Files</Filter>
    </ClInclude>
    <ClInclude Include="CDOTA_Ability_Nian_Waterball.h">
      <Filter>Header Files</Filter>
    </ClInclude>
    <ClInclude Include="CDOTA_Ability_Nian_Whirlpool.h">
      <Filter>Header Files</Filter>
    </ClInclude>
    <ClInclude Include="CDOTA_Ability_Nyx_Assassin_Impale.h">
      <Filter>Header Files</Filter>
    </ClInclude>
    <ClInclude Include="CDOTA_Ability_Obsidian_Destroyer_ArcaneOrb.h">
      <Filter>Header Files</Filter>
    </ClInclude>
    <ClInclude Include="CDOTA_Ability_Obsidian_Destroyer_AstralImprisonment.h">
      <Filter>Header Files</Filter>
    </ClInclude>
    <ClInclude Include="CDOTA_Ability_Obsidian_Destroyer_SanityEclipse.h">
      <Filter>Header Files</Filter>
    </ClInclude>
    <ClInclude Include="CDOTA_Ability_Ogre_Magi_Bloodlust.h">
      <Filter>Header Files</Filter>
    </ClInclude>
    <ClInclude Include="CDOTA_Ability_Ogre_Magi_Fireblast.h">
      <Filter>Header Files</Filter>
    </ClInclude>
    <ClInclude Include="CDOTA_Ability_Ogre_Magi_Multicast.h">
      <Filter>Header Files</Filter>
    </ClInclude>
    <ClInclude Include="CDOTA_Ability_Ogre_Magi_Unrefined_Fireblast.h">
      <Filter>Header Files</Filter>
    </ClInclude>
    <ClInclude Include="CDOTA_Ability_Oracle_FortunesEnd.h">
      <Filter>Header Files</Filter>
    </ClInclude>
    <ClInclude Include="CDOTA_Ability_PhantomAssassin_PhantomStrike.h">
      <Filter>Header Files</Filter>
    </ClInclude>
    <ClInclude Include="CDOTA_Ability_PhantomLancer_Doppelwalk.h">
      <Filter>Header Files</Filter>
    </ClInclude>
    <ClInclude Include="CDOTA_Ability_Phoenix_LaunchFireSpirit.h">
      <Filter>Header Files</Filter>
    </ClInclude>
    <ClInclude Include="CDOTA_Ability_Phoenix_Supernova.h">
      <Filter>Header Files</Filter>
    </ClInclude>
    <ClInclude Include="CDOTA_Ability_Puck_DreamCoil.h">
      <Filter>Header Files</Filter>
    </ClInclude>
    <ClInclude Include="CDOTA_Ability_Puck_IllusoryOrb.h">
      <Filter>Header Files</Filter>
    </ClInclude>
    <ClInclude Include="CDOTA_Ability_Puck_WaningRift.h">
      <Filter>Header Files</Filter>
    </ClInclude>
    <ClInclude Include="CDOTA_Ability_Pudge_Dismember.h">
      <Filter>Header Files</Filter>
    </ClInclude>
    <ClInclude Include="CDOTA_Ability_Pudge_MeatHook.h">
      <Filter>Header Files</Filter>
    </ClInclude>
    <ClInclude Include="CDOTA_Ability_Pugna_Decrepify.h">
      <Filter>Header Files</Filter>
    </ClInclude>
    <ClInclude Include="CDOTA_Ability_Pugna_LifeDrain.h">
      <Filter>Header Files</Filter>
    </ClInclude>
    <ClInclude Include="CDOTA_Ability_Pugna_NetherBlast.h">
      <Filter>Header Files</Filter>
    </ClInclude>
    <ClInclude Include="CDOTA_Ability_QueenOfPain_Blink.h">
      <Filter>Header Files</Filter>
    </ClInclude>
    <ClInclude Include="CDOTA_Ability_QueenOfPain_SonicWave.h">
      <Filter>Header Files</Filter>
    </ClInclude>
    <ClInclude Include="CDOTA_Ability_Rattletrap_BatteryAssault.h">
      <Filter>Header Files</Filter>
    </ClInclude>
    <ClInclude Include="CDOTA_Ability_Rattletrap_Hookshot.h">
      <Filter>Header Files</Filter>
    </ClInclude>
    <ClInclude Include="CDOTA_Ability_Rattletrap_RocketFlare.h">
      <Filter>Header Files</Filter>
    </ClInclude>
    <ClInclude Include="CDOTA_Ability_Razor_PlasmaField.h">
      <Filter>Header Files</Filter>
    </ClInclude>
    <ClInclude Include="CDOTA_Ability_Riki_BlinkStrike.h">
      <Filter>Header Files</Filter>
    </ClInclude>
    <ClInclude Include="CDOTA_Ability_Riki_SmokeScreen.h">
      <Filter>Header Files</Filter>
    </ClInclude>
    <ClInclude Include="CDOTA_Ability_Roshan_Halloween_Apocalypse.h">
      <Filter>Header Files</Filter>
    </ClInclude>
    <ClInclude Include="CDOTA_Ability_Roshan_Halloween_Burn.h">
      <Filter>Header Files</Filter>
    </ClInclude>
    <ClInclude Include="CDOTA_Ability_Roshan_Halloween_Fireball.h">
      <Filter>Header Files</Filter>
    </ClInclude>
    <ClInclude Include="CDOTA_Ability_Roshan_Toss.h">
      <Filter>Header Files</Filter>
    </ClInclude>
    <ClInclude Include="CDOTA_Ability_Roshan_WaveOfForce.h">
      <Filter>Header Files</Filter>
    </ClInclude>
    <ClInclude Include="CDOTA_Ability_Rubick_SpellSteal.h">
      <Filter>Header Files</Filter>
    </ClInclude>
    <ClInclude Include="CDOTA_Ability_Rubick_TelekinesisLand.h">
      <Filter>Header Files</Filter>
    </ClInclude>
    <ClInclude Include="CDOTA_Ability_SandKing_BurrowStrike.h">
      <Filter>Header Files</Filter>
    </ClInclude>
    <ClInclude Include="CDOTA_Ability_SandKing_Epicenter.h">
      <Filter>Header Files</Filter>
    </ClInclude>
    <ClInclude Include="CDOTA_Ability_SatyrTrickster_Purge.h">
      <Filter>Header Files</Filter>
    </ClInclude>
    <ClInclude Include="CDOTA_Ability_Shadow_Demon_Disruption.h">
      <Filter>Header Files</Filter>
    </ClInclude>
    <ClInclude Include="CDOTA_Ability_Shadow_Demon_Shadow_Poison.h">
      <Filter>Header Files</Filter>
    </ClInclude>
    <ClInclude Include="CDOTA_Ability_Shadow_Demon_Soul_Catcher.h">
      <Filter>Header Files</Filter>
    </ClInclude>
    <ClInclude Include="CDOTA_Ability_Shredder_Chakram.h">
      <Filter>Header Files</Filter>
    </ClInclude>
    <ClInclude Include="CDOTA_Ability_Shredder_TimberChain.h">
      <Filter>Header Files</Filter>
    </ClInclude>
    <ClInclude Include="CDOTA_Ability_Silencer_CurseOfTheSilent.h">
      <Filter>Header Files</Filter>
    </ClInclude>
    <ClInclude Include="CDOTA_Ability_Silencer_GlaivesOfWisdom.h">
      <Filter>Header Files</Filter>
    </ClInclude>
    <ClInclude Include="CDOTA_Ability_Skywrath_Mage_Mystic_Flare.h">
      <Filter>Header Files</Filter>
    </ClInclude>
    <ClInclude Include="CDOTA_Ability_Slardar_Slithereen_Crush.h">
      <Filter>Header Files</Filter>
    </ClInclude>
    <ClInclude Include="CDOTA_Ability_Slark_EssenceShift.h">
      <Filter>Header Files</Filter>
    </ClInclude>
    <ClInclude Include="CDOTA_Ability_Sniper_Shrapnel.h">
      <Filter>Header Files</Filter>
    </ClInclude>
    <ClInclude Include="CDOTA_Ability_SpiritBreaker_NetherStrike.h">
      <Filter>Header Files</Filter>
    </ClInclude>
    <ClInclude Include="CDOTA_Ability_StormSpirit_BallLightning.h">
      <Filter>Header Files</Filter>
    </ClInclude>
    <ClInclude Include="CDOTA_Ability_Sven_StormBolt.h">
      <Filter>Header Files</Filter>
    </ClInclude>
    <ClInclude Include="CDOTA_Ability_Techies_FocusedDetonate.h">
      <Filter>Header Files</Filter>
    </ClInclude>
    <ClInclude Include="CDOTA_Ability_Techies_LandMines.h">
      <Filter>Header Files</Filter>
    </ClInclude>
    <ClInclude Include="CDOTA_Ability_Techies_Minefield_Sign.h">
      <Filter>Header Files</Filter>
    </ClInclude>
    <ClInclude Include="CDOTA_Ability_Techies_RemoteMines.h">
      <Filter>Header Files</Filter>
    </ClInclude>
    <ClInclude Include="CDOTA_Ability_Techies_RemoteMines_SelfDetonate.h">
      <Filter>Header Files</Filter>
    </ClInclude>
    <ClInclude Include="CDOTA_Ability_Techies_StasisTrap.h">
      <Filter>Header Files</Filter>
    </ClInclude>
    <ClInclude Include="CDOTA_Ability_Terrorblade_Sunder.h">
      <Filter>Header Files</Filter>
    </ClInclude>
    <ClInclude Include="CDOTA_Ability_Throw_Coal.h">
      <Filter>Header Files</Filter>
    </ClInclude>
    <ClInclude Include="CDOTA_Ability_Throw_Snowball.h">
      <Filter>Header Files</Filter>
    </ClInclude>
    <ClInclude Include="CDOTA_Ability_Tidehunter_AnchorSmash.h">
      <Filter>Header Files</Filter>
    </ClInclude>
    <ClInclude Include="CDOTA_Ability_Tidehunter_Ravage.h">
      <Filter>Header Files</Filter>
    </ClInclude>
    <ClInclude Include="CDOTA_Ability_Tiny_Avalanche.h">
      <Filter>Header Files</Filter>
    </ClInclude>
    <ClInclude Include="CDOTA_Ability_Tiny_CraggyExterior.h">
      <Filter>Header Files</Filter>
    </ClInclude>
    <ClInclude Include="CDOTA_Ability_Tiny_Toss.h">
      <Filter>Header Files</Filter>
    </ClInclude>
    <ClInclude Include="CDOTA_Ability_Treant_EyesInTheForest.h">
      <Filter>Header Files</Filter>
    </ClInclude>
    <ClInclude Include="CDOTA_Ability_Treant_Overgrowth.h">
      <Filter>Header Files</Filter>
    </ClInclude>
    <ClInclude Include="CDOTA_Ability_TrollWarlord_BerserkersRage.h">
      <Filter>Header Files</Filter>
    </ClInclude>
    <ClInclude Include="CDOTA_Ability_TrollWarlord_WhirlingAxes_Ranged.h">
      <Filter>Header Files</Filter>
    </ClInclude>
    <ClInclude Include="CDOTA_Ability_Tusk_FrozenSigil.h">
      <Filter>Header Files</Filter>
    </ClInclude>
    <ClInclude Include="CDOTA_Ability_Undying_Decay.h">
      <Filter>Header Files</Filter>
    </ClInclude>
    <ClInclude Include="CDOTA_Ability_Undying_SoulRip.h">
      <Filter>Header Files</Filter>
    </ClInclude>
    <ClInclude Include="CDOTA_Ability_VengefulSpirit_Nether_Swap.h">
      <Filter>Header Files</Filter>
    </ClInclude>
    <ClInclude Include="CDOTA_Ability_VengefulSpirit_WaveOfTerror.h">
      <Filter>Header Files</Filter>
    </ClInclude>
    <ClInclude Include="CDOTA_Ability_Venomancer_PoisonNova.h">
      <Filter>Header Files</Filter>
    </ClInclude>
    <ClInclude Include="CDOTA_Ability_Venomancer_VenomousGale.h">
      <Filter>Header Files</Filter>
    </ClInclude>
    <ClInclude Include="CDOTA_Ability_Viper_ViperStrike.h">
      <Filter>Header Files</Filter>
    </ClInclude>
    <ClInclude Include="CDOTA_Ability_Visage_SummonFamiliars.h">
      <Filter>Header Files</Filter>
    </ClInclude>
    <ClInclude Include="CDOTA_Ability_Visage_SummonFamiliars_StoneForm.h">
      <Filter>Header Files</Filter>
    </ClInclude>
    <ClInclude Include="CDOTA_Ability_Warlock_RainOfChaos.h">
      <Filter>Header Files</Filter>
    </ClInclude>
    <ClInclude Include="CDOTA_Ability_Warlock_Shadow_Word.h">
      <Filter>Header Files</Filter>
    </ClInclude>
    <ClInclude Include="CDOTA_Ability_Warlock_Upheaval.h">
      <Filter>Header Files</Filter>
    </ClInclude>
    <ClInclude Include="CDOTA_Ability_Weaver_TheSwarm.h">
      <Filter>Header Files</Filter>
    </ClInclude>
    <ClInclude Include="CDOTA_Ability_Windrunner_FocusFire.h">
      <Filter>Header Files</Filter>
    </ClInclude>
    <ClInclude Include="CDOTA_Ability_Windrunner_Powershot.h">
      <Filter>Header Files</Filter>
    </ClInclude>
    <ClInclude Include="CDOTA_Ability_Winter_Wyvern_Arctic_Burn.h">
      <Filter>Header Files</Filter>
    </ClInclude>
    <ClInclude Include="CDOTA_Ability_Winter_Wyvern_Cold_Embrace.h">
      <Filter>Header Files</Filter>
    </ClInclude>
    <ClInclude Include="CDOTA_Ability_Winter_Wyvern_Winters_Curse.h">
      <Filter>Header Files</Filter>
    </ClInclude>
    <ClInclude Include="CDOTA_Ability_Wisp_Overcharge.h">
      <Filter>Header Files</Filter>
    </ClInclude>
    <ClInclude Include="CDOTA_Ability_Wisp_Relocate.h">
      <Filter>Header Files</Filter>
    </ClInclude>
    <ClInclude Include="CDOTA_Ability_Wisp_Spirits.h">
      <Filter>Header Files</Filter>
    </ClInclude>
    <ClInclude Include="CDOTA_Ability_Wisp_Tether.h">
      <Filter>Header Files</Filter>
    </ClInclude>
    <ClInclude Include="CDOTA_Ability_WitchDoctor_Maledict.h">
      <Filter>Header Files</Filter>
    </ClInclude>
    <ClInclude Include="CDOTA_Ability_WitchDoctor_ParalyzingCask.h">
      <Filter>Header Files</Filter>
    </ClInclude>
    <ClInclude Include="CDOTA_Ability_WitchDoctor_VoodooRestoration.h">
      <Filter>Header Files</Filter>
    </ClInclude>
    <ClInclude Include="CDOTA_BaseNPC.h">
      <Filter>Header Files</Filter>
    </ClInclude>
    <ClInclude Include="CDOTA_BaseNPC_Additive.h">
      <Filter>Header Files</Filter>
    </ClInclude>
    <ClInclude Include="CDOTA_BaseNPC_Barracks.h">
      <Filter>Header Files</Filter>
    </ClInclude>
    <ClInclude Include="CDOTA_BaseNPC_Building.h">
      <Filter>Header Files</Filter>
    </ClInclude>
    <ClInclude Include="CDOTA_BaseNPC_Creature.h">
      <Filter>Header Files</Filter>
    </ClInclude>
    <ClInclude Include="CDOTA_BaseNPC_Creep.h">
      <Filter>Header Files</Filter>
    </ClInclude>
    <ClInclude Include="CDOTA_BaseNPC_Creep_Diretide.h">
      <Filter>Header Files</Filter>
    </ClInclude>
    <ClInclude Include="CDOTA_BaseNPC_Creep_Lane.h">
      <Filter>Header Files</Filter>
    </ClInclude>
    <ClInclude Include="CDOTA_BaseNPC_Creep_LootGreevil.h">
      <Filter>Header Files</Filter>
    </ClInclude>
    <ClInclude Include="CDOTA_BaseNPC_Creep_Neutral.h">
      <Filter>Header Files</Filter>
    </ClInclude>
    <ClInclude Include="CDOTA_BaseNPC_Creep_Siege.h">
      <Filter>Header Files</Filter>
    </ClInclude>
    <ClInclude Include="CDOTA_BaseNPC_Creep_Talking.h">
      <Filter>Header Files</Filter>
    </ClInclude>
    <ClInclude Include="CDOTA_BaseNPC_Fort.h">
      <Filter>Header Files</Filter>
    </ClInclude>
    <ClInclude Include="CDOTA_BaseNPC_HallofFame.h">
      <Filter>Header Files</Filter>
    </ClInclude>
    <ClInclude Include="CDOTA_BaseNPC_Hero.h">
      <Filter>Header Files</Filter>
    </ClInclude>
    <ClInclude Include="CDOTA_BaseNPC_HoldoutTower.h">
      <Filter>Header Files</Filter>
    </ClInclude>
    <ClInclude Include="CDOTA_BaseNPC_HoldoutTower_HeavySlow.h">
      <Filter>Header Files</Filter>
    </ClInclude>
    <ClInclude Include="CDOTA_BaseNPC_HoldoutTower_LightFast.h">
      <Filter>Header Files</Filter>
    </ClInclude>
    <ClInclude Include="CDOTA_BaseNPC_HoldoutTower_ReduceSpeed.h">
      <Filter>Header Files</Filter>
    </ClInclude>
    <ClInclude Include="CDOTA_BaseNPC_Invoker_Forged_Spirit.h">
      <Filter>Header Files</Filter>
    </ClInclude>
    <ClInclude Include="CDOTA_BaseNPC_ShadowShaman_SerpentWard.h">
      <Filter>Header Files</Filter>
    </ClInclude>
    <ClInclude Include="CDOTA_BaseNPC_Shop.h">
      <Filter>Header Files</Filter>
    </ClInclude>
    <ClInclude Include="CDOTA_BaseNPC_Tower.h">
      <Filter>Header Files</Filter>
    </ClInclude>
    <ClInclude Include="CDOTA_BaseNPC_Tusk_Sigil.h">
      <Filter>Header Files</Filter>
    </ClInclude>
    <ClInclude Include="CDOTA_BaseNPC_Venomancer_PlagueWard.h">
      <Filter>Header Files</Filter>
    </ClInclude>
    <ClInclude Include="CDOTA_BaseNPC_Warlock_Golem.h">
      <Filter>Header Files</Filter>
    </ClInclude>
    <ClInclude Include="CDOTA_Beastmaster_Axe.h">
      <Filter>Header Files</Filter>
    </ClInclude>
    <ClInclude Include="CDOTA_DataDire.h">
      <Filter>Header Files</Filter>
    </ClInclude>
    <ClInclude Include="CDOTA_DataNonSpectator.h">
      <Filter>Header Files</Filter>
    </ClInclude>
    <ClInclude Include="CDOTA_DataRadiant.h">
      <Filter>Header Files</Filter>
    </ClInclude>
    <ClInclude Include="CDOTA_DataSpectator.h">
      <Filter>Header Files</Filter>
    </ClInclude>
    <ClInclude Include="CDOTA_DeathProphet_Exorcism_Spirit.h">
      <Filter>Header Files</Filter>
    </ClInclude>
    <ClInclude Include="CDOTA_DisplacementVisibility.h">
      <Filter>Header Files</Filter>
    </ClInclude>
    <ClInclude Include="CDOTA_Halloween_CandyBucket.h">
      <Filter>Header Files</Filter>
    </ClInclude>
    <ClInclude Include="CDOTA_Halloween_CandyBucketDire.h">
      <Filter>Header Files</Filter>
    </ClInclude>
    <ClInclude Include="CDOTA_Halloween_CandyBucketRadiant.h">
      <Filter>Header Files</Filter>
    </ClInclude>
    <ClInclude Include="CDOTA_Hero_Recorder.h">
      <Filter>Header Files</Filter>
    </ClInclude>
    <ClInclude Include="CDOTA_Item.h">
      <Filter>Header Files</Filter>
    </ClInclude>
    <ClInclude Include="CDOTA_Item_Ancient_Janggo.h">
      <Filter>Header Files</Filter>
    </ClInclude>
    <ClInclude Include="CDOTA_Item_Armlet.h">
      <Filter>Header Files</Filter>
    </ClInclude>
    <ClInclude Include="CDOTA_Item_Battlefury.h">
      <Filter>Header Files</Filter>
    </ClInclude>
    <ClInclude Include="CDOTA_Item_BlinkDagger.h">
      <Filter>Header Files</Filter>
    </ClInclude>
    <ClInclude Include="CDOTA_Item_Bloodstone.h">
      <Filter>Header Files</Filter>
    </ClInclude>
    <ClInclude Include="CDOTA_Item_BootsOfTravel.h">
      <Filter>Header Files</Filter>
    </ClInclude>
    <ClInclude Include="CDOTA_Item_Cyclone.h">
      <Filter>Header Files</Filter>
    </ClInclude>
    <ClInclude Include="CDOTA_Item_Cyclone_2.h">
      <Filter>Header Files</Filter>
    </ClInclude>
    <ClInclude Include="CDOTA_Item_DataDriven.h">
      <Filter>Header Files</Filter>
    </ClInclude>
    <ClInclude Include="CDOTA_Item_Diffusal_Blade.h">
      <Filter>Header Files</Filter>
    </ClInclude>
    <ClInclude Include="CDOTA_Item_Diffusal_Blade_Level2.h">
      <Filter>Header Files</Filter>
    </ClInclude>
    <ClInclude Include="CDOTA_Item_EmptyBottle.h">
      <Filter>Header Files</Filter>
    </ClInclude>
    <ClInclude Include="CDOTA_Item_Ethereal_Blade.h">
      <Filter>Header Files</Filter>
    </ClInclude>
    <ClInclude Include="CDOTA_Item_ForceStaff.h">
      <Filter>Header Files</Filter>
    </ClInclude>
    <ClInclude Include="CDOTA_Item_Greevil_Blink.h">
      <Filter>Header Files</Filter>
    </ClInclude>
    <ClInclude Include="CDOTA_Item_Greevil_Whistle.h">
      <Filter>Header Files</Filter>
    </ClInclude>
    <ClInclude Include="CDOTA_Item_Greevil_WhistleToggle.h">
      <Filter>Header Files</Filter>
    </ClInclude>
    <ClInclude Include="CDOTA_Item_MantaStyle.h">
      <Filter>Header Files</Filter>
    </ClInclude>
    <ClInclude Include="CDOTA_Item_Medallion_Of_Courage.h">
      <Filter>Header Files</Filter>
    </ClInclude>
    <ClInclude Include="CDOTA_Item_Mystery_Toss.h">
      <Filter>Header Files</Filter>
    </ClInclude>
    <ClInclude Include="CDOTA_Item_Mystery_Vacuum.h">
      <Filter>Header Files</Filter>
    </ClInclude>
    <ClInclude Include="CDOTA_Item_Necronomicon.h">
      <Filter>Header Files</Filter>
    </ClInclude>
    <ClInclude Include="CDOTA_Item_Necronomicon_Level2.h">
      <Filter>Header Files</Filter>
    </ClInclude>
    <ClInclude Include="CDOTA_Item_Necronomicon_Level3.h">
      <Filter>Header Files</Filter>
    </ClInclude>
    <ClInclude Include="CDOTA_Item_Nian_Flag_Trap.h">
      <Filter>Header Files</Filter>
    </ClInclude>
    <ClInclude Include="CDOTA_Item_ObserverWard.h">
      <Filter>Header Files</Filter>
    </ClInclude>
    <ClInclude Include="CDOTA_Item_Physical.h">
      <Filter>Header Files</Filter>
    </ClInclude>
    <ClInclude Include="CDOTA_Item_PlaceBuilding.h">
      <Filter>Header Files</Filter>
    </ClInclude>
    <ClInclude Include="CDOTA_Item_PlaceBuilding_Free.h">
      <Filter>Header Files</Filter>
    </ClInclude>
    <ClInclude Include="CDOTA_Item_PlaceBuilding_Grid.h">
      <Filter>Header Files</Filter>
    </ClInclude>
    <ClInclude Include="CDOTA_Item_PowerTreads.h">
      <Filter>Header Files</Filter>
    </ClInclude>
    <ClInclude Include="CDOTA_Item_QuellingBlade.h">
      <Filter>Header Files</Filter>
    </ClInclude>
    <ClInclude Include="CDOTA_Item_Radiance.h">
      <Filter>Header Files</Filter>
    </ClInclude>
    <ClInclude Include="CDOTA_Item_Recipe_Veil_Of_Discord.h">
      <Filter>Header Files</Filter>
    </ClInclude>
    <ClInclude Include="CDOTA_Item_Ring_Of_Basilius.h">
      <Filter>Header Files</Filter>
    </ClInclude>
    <ClInclude Include="CDOTA_Item_RingOfAquila.h">
      <Filter>Header Files</Filter>
    </ClInclude>
    <ClInclude Include="CDOTA_Item_Rune.h">
      <Filter>Header Files</Filter>
    </ClInclude>
    <ClInclude Include="CDOTA_Item_SentryWard.h">
      <Filter>Header Files</Filter>
    </ClInclude>
    <ClInclude Include="CDOTA_Item_Tango.h">
      <Filter>Header Files</Filter>
    </ClInclude>
    <ClInclude Include="CDOTA_Item_TeleportScroll.h">
      <Filter>Header Files</Filter>
    </ClInclude>
    <ClInclude Include="CDOTA_Item_TranquilBoots.h">
      <Filter>Header Files</Filter>
    </ClInclude>
    <ClInclude Include="CDOTA_Item_Urn_Of_Shadows.h">
      <Filter>Header Files</Filter>
    </ClInclude>
    <ClInclude Include="CDOTA_Item_Veil_Of_Discord.h">
      <Filter>Header Files</Filter>
    </ClInclude>
    <ClInclude Include="CDOTA_NeutralSpawner.h">
      <Filter>Header Files</Filter>
    </ClInclude>
    <ClInclude Include="CDOTA_NPC_DataDriven.h">
      <Filter>Header Files</Filter>
    </ClInclude>
    <ClInclude Include="CDOTA_NPC_Observer_Ward.h">
      <Filter>Header Files</Filter>
    </ClInclude>
    <ClInclude Include="CDOTA_NPC_Observer_Ward_TrueSight.h">
      <Filter>Header Files</Filter>
    </ClInclude>
    <ClInclude Include="CDOTA_NPC_Techies_Minefield_Sign.h">
      <Filter>Header Files</Filter>
    </ClInclude>
    <ClInclude Include="CDOTA_NPC_TechiesMines.h">
      <Filter>Header Files</Filter>
    </ClInclude>
    <ClInclude Include="CDOTA_NPC_Treant_EyesInTheForest.h">
      <Filter>Header Files</Filter>
    </ClInclude>
    <ClInclude Include="CDOTA_NPC_WitchDoctor_Ward.h">
      <Filter>Header Files</Filter>
    </ClInclude>
    <ClInclude Include="CDOTA_PhantomAssassin_Gravestone.h">
      <Filter>Header Files</Filter>
    </ClInclude>
    <ClInclude Include="CDOTA_PlayerResource.h">
      <Filter>Header Files</Filter>
    </ClInclude>
    <ClInclude Include="CDOTA_RoshanSpawner.h">
      <Filter>Header Files</Filter>
    </ClInclude>
    <ClInclude Include="CDOTA_TempTree.h">
      <Filter>Header Files</Filter>
    </ClInclude>
    <ClInclude Include="CDOTA_Tiny_ScepterTree.h">
      <Filter>Header Files</Filter>
    </ClInclude>
    <ClInclude Include="CDOTA_Unit_Announcer.h">
      <Filter>Header Files</Filter>
    </ClInclude>
    <ClInclude Include="CDOTA_Unit_Announcer_Killing_Spree.h">
      <Filter>Header Files</Filter>
    </ClInclude>
    <ClInclude Include="CDOTA_Unit_Brewmaster_PrimalEarth.h">
      <Filter>Header Files</Filter>
    </ClInclude>
    <ClInclude Include="CDOTA_Unit_Brewmaster_PrimalFire.h">
      <Filter>Header Files</Filter>
    </ClInclude>
    <ClInclude Include="CDOTA_Unit_Brewmaster_PrimalStorm.h">
      <Filter>Header Files</Filter>
    </ClInclude>
    <ClInclude Include="CDOTA_Unit_Broodmother_Spiderling.h">
      <Filter>Header Files</Filter>
    </ClInclude>
    <ClInclude Include="CDOTA_Unit_Broodmother_Web.h">
      <Filter>Header Files</Filter>
    </ClInclude>
    <ClInclude Include="CDOTA_Unit_Courier.h">
      <Filter>Header Files</Filter>
    </ClInclude>
    <ClInclude Include="CDOTA_Unit_Earth_Spirit_Stone.h">
      <Filter>Header Files</Filter>
    </ClInclude>
    <ClInclude Include="CDOTA_Unit_Elder_Titan_AncestralSpirit.h">
      <Filter>Header Files</Filter>
    </ClInclude>
    <ClInclude Include="CDOTA_Unit_Fountain.h">
      <Filter>Header Files</Filter>
    </ClInclude>
    <ClInclude Include="CDOTA_Unit_Greevil.h">
      <Filter>Header Files</Filter>
    </ClInclude>
    <ClInclude Include="CDOTA_Unit_Hero_Abaddon.h">
      <Filter>Header Files</Filter>
    </ClInclude>
    <ClInclude Include="CDOTA_Unit_Hero_AbyssalUnderlord.h">
      <Filter>Header Files</Filter>
    </ClInclude>
    <ClInclude Include="CDOTA_Unit_Hero_Alchemist.h">
      <Filter>Header Files</Filter>
    </ClInclude>
    <ClInclude Include="CDOTA_Unit_Hero_AncientApparition.h">
      <Filter>Header Files</Filter>
    </ClInclude>
    <ClInclude Include="CDOTA_Unit_Hero_AntiMage.h">
      <Filter>Header Files</Filter>
    </ClInclude>
    <ClInclude Include="CDOTA_Unit_Hero_Axe.h">
      <Filter>Header Files</Filter>
    </ClInclude>
    <ClInclude Include="CDOTA_Unit_Hero_Bane.h">
      <Filter>Header Files</Filter>
    </ClInclude>
    <ClInclude Include="CDOTA_Unit_Hero_Batrider.h">
      <Filter>Header Files</Filter>
    </ClInclude>
    <ClInclude Include="CDOTA_Unit_Hero_Beastmaster.h">
      <Filter>Header Files</Filter>
    </ClInclude>
    <ClInclude Include="CDOTA_Unit_Hero_Beastmaster_Beasts.h">
      <Filter>Header Files</Filter>
    </ClInclude>
    <ClInclude Include="CDOTA_Unit_Hero_Beastmaster_Boar.h">
      <Filter>Header Files</Filter>
    </ClInclude>
    <ClInclude Include="CDOTA_Unit_Hero_Beastmaster_Hawk.h">
      <Filter>Header Files</Filter>
    </ClInclude>
    <ClInclude Include="CDOTA_Unit_Hero_Bloodseeker.h">
      <Filter>Header Files</Filter>
    </ClInclude>
    <ClInclude Include="CDOTA_Unit_Hero_BountyHunter.h">
      <Filter>Header Files</Filter>
    </ClInclude>
    <ClInclude Include="CDOTA_Unit_Hero_Brewmaster.h">
      <Filter>Header Files</Filter>
    </ClInclude>
    <ClInclude Include="CDOTA_Unit_Hero_Bristleback.h">
      <Filter>Header Files</Filter>
    </ClInclude>
    <ClInclude Include="CDOTA_Unit_Hero_Broodmother.h">
      <Filter>Header Files</Filter>
    </ClInclude>
    <ClInclude Include="CDOTA_Unit_Hero_Centaur.h">
      <Filter>Header Files</Filter>
    </ClInclude>
    <ClInclude Include="CDOTA_Unit_Hero_ChaosKnight.h">
      <Filter>Header Files</Filter>
    </ClInclude>
    <ClInclude Include="CDOTA_Unit_Hero_Chen.h">
      <Filter>Header Files</Filter>
    </ClInclude>
    <ClInclude Include="CDOTA_Unit_Hero_Clinkz.h">
      <Filter>Header Files</Filter>
    </ClInclude>
    <ClInclude Include="CDOTA_Unit_Hero_CrystalMaiden.h">
      <Filter>Header Files</Filter>
    </ClInclude>
    <ClInclude Include="CDOTA_Unit_Hero_DarkSeer.h">
      <Filter>Header Files</Filter>
    </ClInclude>
    <ClInclude Include="CDOTA_Unit_Hero_Dazzle.h">
      <Filter>Header Files</Filter>
    </ClInclude>
    <ClInclude Include="CDOTA_Unit_Hero_DeathProphet.h">
      <Filter>Header Files</Filter>
    </ClInclude>
    <ClInclude Include="CDOTA_Unit_Hero_Disruptor.h">
      <Filter>Header Files</Filter>
    </ClInclude>
    <ClInclude Include="CDOTA_Unit_Hero_DoomBringer.h">
      <Filter>Header Files</Filter>
    </ClInclude>
    <ClInclude Include="CDOTA_Unit_Hero_DragonKnight.h">
      <Filter>Header Files</Filter>
    </ClInclude>
    <ClInclude Include="CDOTA_Unit_Hero_DrowRanger.h">
      <Filter>Header Files</Filter>
    </ClInclude>
    <ClInclude Include="CDOTA_Unit_Hero_Earthshaker.h">
      <Filter>Header Files</Filter>
    </ClInclude>
    <ClInclude Include="CDOTA_Unit_Hero_EarthSpirit.h">
      <Filter>Header Files</Filter>
    </ClInclude>
    <ClInclude Include="CDOTA_Unit_Hero_Elder_Titan.h">
      <Filter>Header Files</Filter>
    </ClInclude>
    <ClInclude Include="CDOTA_Unit_Hero_EmberSpirit.h">
      <Filter>Header Files</Filter>
    </ClInclude>
    <ClInclude Include="CDOTA_Unit_Hero_Enchantress.h">
      <Filter>Header Files</Filter>
    </ClInclude>
    <ClInclude Include="CDOTA_Unit_Hero_Enigma.h">
      <Filter>Header Files</Filter>
    </ClInclude>
    <ClInclude Include="CDOTA_Unit_Hero_FacelessVoid.h">
      <Filter>Header Files</Filter>
    </ClInclude>
    <ClInclude Include="CDOTA_Unit_Hero_Furion.h">
      <Filter>Header Files</Filter>
    </ClInclude>
    <ClInclude Include="CDOTA_Unit_Hero_Gyrocopter.h">
      <Filter>Header Files</Filter>
    </ClInclude>
    <ClInclude Include="CDOTA_Unit_Hero_Huskar.h">
      <Filter>Header Files</Filter>
    </ClInclude>
    <ClInclude Include="CDOTA_Unit_Hero_Invoker.h">
      <Filter>Header Files</Filter>
    </ClInclude>
    <ClInclude Include="CDOTA_Unit_Hero_Jakiro.h">
      <Filter>Header Files</Filter>
    </ClInclude>
    <ClInclude Include="CDOTA_Unit_Hero_Juggernaut.h">
      <Filter>Header Files</Filter>
    </ClInclude>
    <ClInclude Include="CDOTA_Unit_Hero_KeeperOfTheLight.h">
      <Filter>Header Files</Filter>
    </ClInclude>
    <ClInclude Include="CDOTA_Unit_Hero_Kunkka.h">
      <Filter>Header Files</Filter>
    </ClInclude>
    <ClInclude Include="CDOTA_Unit_Hero_Legion_Commander.h">
      <Filter>Header Files</Filter>
    </ClInclude>
    <ClInclude Include="CDOTA_Unit_Hero_Leshrac.h">
      <Filter>Header Files</Filter>
    </ClInclude>
    <ClInclude Include="CDOTA_Unit_Hero_Lich.h">
      <Filter>Header Files</Filter>
    </ClInclude>
    <ClInclude Include="CDOTA_Unit_Hero_Life_Stealer.h">
      <Filter>Header Files</Filter>
    </ClInclude>
    <ClInclude Include="CDOTA_Unit_Hero_Lina.h">
      <Filter>Header Files</Filter>
    </ClInclude>
    <ClInclude Include="CDOTA_Unit_Hero_Lion.h">
      <Filter>Header Files</Filter>
    </ClInclude>
    <ClInclude Include="CDOTA_Unit_Hero_LoneDruid.h">
      <Filter>Header Files</Filter>
    </ClInclude>
    <ClInclude Include="CDOTA_Unit_Hero_Luna.h">
      <Filter>Header Files</Filter>
    </ClInclude>
    <ClInclude Include="CDOTA_Unit_Hero_Lycan.h">
      <Filter>Header Files</Filter>
    </ClInclude>
    <ClInclude Include="CDOTA_Unit_Hero_Magnataur.h">
      <Filter>Header Files</Filter>
    </ClInclude>
    <ClInclude Include="CDOTA_Unit_Hero_Medusa.h">
      <Filter>Header Files</Filter>
    </ClInclude>
    <ClInclude Include="CDOTA_Unit_Hero_Meepo.h">
      <Filter>Header Files</Filter>
    </ClInclude>
    <ClInclude Include="CDOTA_Unit_Hero_Mirana.h">
      <Filter>Header Files</Filter>
    </ClInclude>
    <ClInclude Include="CDOTA_Unit_Hero_Morphling.h">
      <Filter>Header Files</Filter>
    </ClInclude>
    <ClInclude Include="CDOTA_Unit_Hero_Naga_Siren.h">
      <Filter>Header Files</Filter>
    </ClInclude>
    <ClInclude Include="CDOTA_Unit_Hero_Necrolyte.h">
      <Filter>Header Files</Filter>
    </ClInclude>
    <ClInclude Include="CDOTA_Unit_Hero_Nevermore.h">
      <Filter>Header Files</Filter>
    </ClInclude>
    <ClInclude Include="CDOTA_Unit_Hero_NightStalker.h">
      <Filter>Header Files</Filter>
    </ClInclude>
    <ClInclude Include="CDOTA_Unit_Hero_Nyx_Assassin.h">
      <Filter>Header Files</Filter>
    </ClInclude>
    <ClInclude Include="CDOTA_Unit_Hero_Obsidian_Destroyer.h">
      <Filter>Header Files</Filter>
    </ClInclude>
    <ClInclude Include="CDOTA_Unit_Hero_Ogre_Magi.h">
      <Filter>Header Files</Filter>
    </ClInclude>
    <ClInclude Include="CDOTA_Unit_Hero_Omniknight.h">
      <Filter>Header Files</Filter>
    </ClInclude>
    <ClInclude Include="CDOTA_Unit_Hero_Oracle.h">
      <Filter>Header Files</Filter>
    </ClInclude>
    <ClInclude Include="CDOTA_Unit_Hero_PhantomAssassin.h">
      <Filter>Header Files</Filter>
    </ClInclude>
    <ClInclude Include="CDOTA_Unit_Hero_PhantomLancer.h">
      <Filter>Header Files</Filter>
    </ClInclude>
    <ClInclude Include="CDOTA_Unit_Hero_Phoenix.h">
      <Filter>Header Files</Filter>
    </ClInclude>
    <ClInclude Include="CDOTA_Unit_Hero_Puck.h">
      <Filter>Header Files</Filter>
    </ClInclude>
    <ClInclude Include="CDOTA_Unit_Hero_Pudge.h">
      <Filter>Header Files</Filter>
    </ClInclude>
    <ClInclude Include="CDOTA_Unit_Hero_Pugna.h">
      <Filter>Header Files</Filter>
    </ClInclude>
    <ClInclude Include="CDOTA_Unit_Hero_QueenOfPain.h">
      <Filter>Header Files</Filter>
    </ClInclude>
    <ClInclude Include="CDOTA_Unit_Hero_Rattletrap.h">
      <Filter>Header Files</Filter>
    </ClInclude>
    <ClInclude Include="CDOTA_Unit_Hero_Razor.h">
      <Filter>Header Files</Filter>
    </ClInclude>
    <ClInclude Include="CDOTA_Unit_Hero_Riki.h">
      <Filter>Header Files</Filter>
    </ClInclude>
    <ClInclude Include="CDOTA_Unit_Hero_Rubick.h">
      <Filter>Header Files</Filter>
    </ClInclude>
    <ClInclude Include="CDOTA_Unit_Hero_SandKing.h">
      <Filter>Header Files</Filter>
    </ClInclude>
    <ClInclude Include="CDOTA_Unit_Hero_Shadow_Demon.h">
      <Filter>Header Files</Filter>
    </ClInclude>
    <ClInclude Include="CDOTA_Unit_Hero_ShadowShaman.h">
      <Filter>Header Files</Filter>
    </ClInclude>
    <ClInclude Include="CDOTA_Unit_Hero_Shredder.h">
      <Filter>Header Files</Filter>
    </ClInclude>
    <ClInclude Include="CDOTA_Unit_Hero_Silencer.h">
      <Filter>Header Files</Filter>
    </ClInclude>
    <ClInclude Include="CDOTA_Unit_Hero_SkeletonKing.h">
      <Filter>Header Files</Filter>
    </ClInclude>
    <ClInclude Include="CDOTA_Unit_Hero_Skywrath_Mage.h">
      <Filter>Header Files</Filter>
    </ClInclude>
    <ClInclude Include="CDOTA_Unit_Hero_Slardar.h">
      <Filter>Header Files</Filter>
    </ClInclude>
    <ClInclude Include="CDOTA_Unit_Hero_Slark.h">
      <Filter>Header Files</Filter>
    </ClInclude>
    <ClInclude Include="CDOTA_Unit_Hero_Sniper.h">
      <Filter>Header Files</Filter>
    </ClInclude>
    <ClInclude Include="CDOTA_Unit_Hero_Spectre.h">
      <Filter>Header Files</Filter>
    </ClInclude>
    <ClInclude Include="CDOTA_Unit_Hero_SpiritBreaker.h">
      <Filter>Header Files</Filter>
    </ClInclude>
    <ClInclude Include="CDOTA_Unit_Hero_StormSpirit.h">
      <Filter>Header Files</Filter>
    </ClInclude>
    <ClInclude Include="CDOTA_Unit_Hero_Sven.h">
      <Filter>Header Files</Filter>
    </ClInclude>
    <ClInclude Include="CDOTA_Unit_Hero_Techies.h">
      <Filter>Header Files</Filter>
    </ClInclude>
    <ClInclude Include="CDOTA_Unit_Hero_TemplarAssassin.h">
      <Filter>Header Files</Filter>
    </ClInclude>
    <ClInclude Include="CDOTA_Unit_Hero_Terrorblade.h">
      <Filter>Header Files</Filter>
    </ClInclude>
    <ClInclude Include="CDOTA_Unit_Hero_Tidehunter.h">
      <Filter>Header Files</Filter>
    </ClInclude>
    <ClInclude Include="CDOTA_Unit_Hero_Tinker.h">
      <Filter>Header Files</Filter>
    </ClInclude>
    <ClInclude Include="CDOTA_Unit_Hero_Tiny.h">
      <Filter>Header Files</Filter>
    </ClInclude>
    <ClInclude Include="CDOTA_Unit_Hero_Treant.h">
      <Filter>Header Files</Filter>
    </ClInclude>
    <ClInclude Include="CDOTA_Unit_Hero_TrollWarlord.h">
      <Filter>Header Files</Filter>
    </ClInclude>
    <ClInclude Include="CDOTA_Unit_Hero_Tusk.h">
      <Filter>Header Files</Filter>
    </ClInclude>
    <ClInclude Include="CDOTA_Unit_Hero_Undying.h">
      <Filter>Header Files</Filter>
    </ClInclude>
    <ClInclude Include="CDOTA_Unit_Hero_Ursa.h">
      <Filter>Header Files</Filter>
    </ClInclude>
    <ClInclude Include="CDOTA_Unit_Hero_VengefulSpirit.h">
      <Filter>Header Files</Filter>
    </ClInclude>
    <ClInclude Include="CDOTA_Unit_Hero_Venomancer.h">
      <Filter>Header Files</Filter>
    </ClInclude>
    <ClInclude Include="CDOTA_Unit_Hero_Viper.h">
      <Filter>Header Files</Filter>
    </ClInclude>
    <ClInclude Include="CDOTA_Unit_Hero_Visage.h">
      <Filter>Header Files</Filter>
    </ClInclude>
    <ClInclude Include="CDOTA_Unit_Hero_Warlock.h">
      <Filter>Header Files</Filter>
    </ClInclude>
    <ClInclude Include="CDOTA_Unit_Hero_Weaver.h">
      <Filter>Header Files</Filter>
    </ClInclude>
    <ClInclude Include="CDOTA_Unit_Hero_Windrunner.h">
      <Filter>Header Files</Filter>
    </ClInclude>
    <ClInclude Include="CDOTA_Unit_Hero_Winter_Wyvern.h">
      <Filter>Header Files</Filter>
    </ClInclude>
    <ClInclude Include="CDOTA_Unit_Hero_Wisp.h">
      <Filter>Header Files</Filter>
    </ClInclude>
    <ClInclude Include="CDOTA_Unit_Hero_WitchDoctor.h">
      <Filter>Header Files</Filter>
    </ClInclude>
    <ClInclude Include="CDOTA_Unit_Hero_Zuus.h">
      <Filter>Header Files</Filter>
    </ClInclude>
    <ClInclude Include="CDOTA_Unit_LoopingSound.h">
      <Filter>Header Files</Filter>
    </ClInclude>
    <ClInclude Include="CDOTA_Unit_Nian.h">
      <Filter>Header Files</Filter>
    </ClInclude>
    <ClInclude Include="CDOTA_Unit_Roquelaire.h">
      <Filter>Header Files</Filter>
    </ClInclude>
    <ClInclude Include="CDOTA_Unit_Roshan.h">
      <Filter>Header Files</Filter>
    </ClInclude>
    <ClInclude Include="CDOTA_Unit_Roshan_Halloween.h">
      <Filter>Header Files</Filter>
    </ClInclude>
    <ClInclude Include="CDOTA_Unit_SpiritBear.h">
      <Filter>Header Files</Filter>
    </ClInclude>
    <ClInclude Include="CDOTA_Unit_TargetDummy.h">
      <Filter>Header Files</Filter>
    </ClInclude>
    <ClInclude Include="CDOTA_Unit_Undying_Tombstone.h">
      <Filter>Header Files</Filter>
    </ClInclude>
    <ClInclude Include="CDOTA_Unit_Undying_Zombie.h">
      <Filter>Header Files</Filter>
    </ClInclude>
    <ClInclude Include="CDOTA_Unit_VisageFamiliar.h">
      <Filter>Header Files</Filter>
    </ClInclude>
    <ClInclude Include="CDOTA_Wisp_Spirit.h">
      <Filter>Header Files</Filter>
    </ClInclude>
    <ClInclude Include="CDOTABaseAbility.h">
      <Filter>Header Files</Filter>
    </ClInclude>
    <ClInclude Include="CDOTABaseGameMode.h">
      <Filter>Header Files</Filter>
    </ClInclude>
    <ClInclude Include="CDOTACameraBounds.h">
      <Filter>Header Files</Filter>
    </ClInclude>
    <ClInclude Include="CDOTAFogOfWarTempViewers.h">
      <Filter>Header Files</Filter>
    </ClInclude>
    <ClInclude Include="CDOTAFogOfWarWasVisible.h">
      <Filter>Header Files</Filter>
    </ClInclude>
    <ClInclude Include="CDOTAGameManagerProxy.h">
      <Filter>Header Files</Filter>
    </ClInclude>
    <ClInclude Include="CDOTAGamerulesProxy.h">
      <Filter>Header Files</Filter>
    </ClInclude>
    <ClInclude Include="CDOTAHoldoutNetworker.h">
      <Filter>Header Files</Filter>
    </ClInclude>
    <ClInclude Include="CDOTAMinimapBoundary.h">
      <Filter>Header Files</Filter>
    </ClInclude>
    <ClInclude Include="CDOTAPlayer.h">
      <Filter>Header Files</Filter>
    </ClInclude>
    <ClInclude Include="CDOTAPropCustomTexture.h">
      <Filter>Header Files</Filter>
    </ClInclude>
    <ClInclude Include="CDotaQuest.h">
      <Filter>Header Files</Filter>
    </ClInclude>
    <ClInclude Include="CDotaQuestBase.h">
      <Filter>Header Files</Filter>
    </ClInclude>
    <ClInclude Include="CDOTASpecGraphPlayerData.h">
      <Filter>Header Files</Filter>
    </ClInclude>
    <ClInclude Include="CDOTASpectatorGraphManagerProxy.h">
      <Filter>Header Files</Filter>
    </ClInclude>
    <ClInclude Include="CDotaSubquestBase.h">
      <Filter>Header Files</Filter>
    </ClInclude>
    <ClInclude Include="CDOTATeam.h">
      <Filter>Header Files</Filter>
    </ClInclude>
    <ClInclude Include="CDotaTutorialNetworker.h">
      <Filter>Header Files</Filter>
    </ClInclude>
    <ClInclude Include="CDOTAWearableItem.h">
      <Filter>Header Files</Filter>
    </ClInclude>
    <ClInclude Include="CDynamicLight.h">
      <Filter>Header Files</Filter>
    </ClInclude>
    <ClInclude Include="CDynamicProp.h">
      <Filter>Header Files</Filter>
    </ClInclude>
    <ClInclude Include="CEconEntity.h">
      <Filter>Header Files</Filter>
    </ClInclude>
    <ClInclude Include="CEconWearable.h">
      <Filter>Header Files</Filter>
    </ClInclude>
    <ClInclude Include="CEntityDissolve.h">
      <Filter>Header Files</Filter>
    </ClInclude>
    <ClInclude Include="CEntityFlame.h">
      <Filter>Header Files</Filter>
    </ClInclude>
    <ClInclude Include="CEntityFreezing.h">
      <Filter>Header Files</Filter>
    </ClInclude>
    <ClInclude Include="CEntityParticleTrail.h">
      <Filter>Header Files</Filter>
    </ClInclude>
    <ClInclude Include="CEnvAmbientLight.h">
      <Filter>Header Files</Filter>
    </ClInclude>
    <ClInclude Include="CEnvDeferredLight.h">
      <Filter>Header Files</Filter>
    </ClInclude>
    <ClInclude Include="CEnvDetailController.h">
      <Filter>Header Files</Filter>
    </ClInclude>
    <ClInclude Include="CEnvDOFController.h">
      <Filter>Header Files</Filter>
    </ClInclude>
    <ClInclude Include="CEnvParticleScript.h">
      <Filter>Header Files</Filter>
    </ClInclude>
    <ClInclude Include="CEnvProjectedTexture.h">
      <Filter>Header Files</Filter>
    </ClInclude>
    <ClInclude Include="CEnvQuadraticBeam.h">
      <Filter>Header Files</Filter>
    </ClInclude>
    <ClInclude Include="CEnvScreenEffect.h">
      <Filter>Header Files</Filter>
    </ClInclude>
    <ClInclude Include="CEnvScreenOverlay.h">
      <Filter>Header Files</Filter>
    </ClInclude>
    <ClInclude Include="CEnvTonemapController.h">
      <Filter>Header Files</Filter>
    </ClInclude>
    <ClInclude Include="CEnvWind.h">
      <Filter>Header Files</Filter>
    </ClInclude>
    <ClInclude Include="CFireSmoke.h">
      <Filter>Header Files</Filter>
    </ClInclude>
    <ClInclude Include="CFireTrail.h">
      <Filter>Header Files</Filter>
    </ClInclude>
    <ClInclude Include="CFish.h">
      <Filter>Header Files</Filter>
    </ClInclude>
    <ClInclude Include="CFogController.h">
      <Filter>Header Files</Filter>
    </ClInclude>
    <ClInclude Include="CFunc_Dust.h">
      <Filter>Header Files</Filter>
    </ClInclude>
    <ClInclude Include="CFunc_LOD.h">
      <Filter>Header Files</Filter>
    </ClInclude>
    <ClInclude Include="CFuncAreaPortalWindow.h">
      <Filter>Header Files</Filter>
    </ClInclude>
    <ClInclude Include="CFuncBrush.h">
      <Filter>Header Files</Filter>
    </ClInclude>
    <ClInclude Include="CFuncConveyor.h">
      <Filter>Header Files</Filter>
    </ClInclude>
    <ClInclude Include="CFuncLadder.h">
      <Filter>Header Files</Filter>
    </ClInclude>
    <ClInclude Include="CFuncMoveLinear.h">
      <Filter>Header Files</Filter>
    </ClInclude>
    <ClInclude Include="CFuncOccluder.h">
      <Filter>Header Files</Filter>
    </ClInclude>
    <ClInclude Include="CFuncReflectiveGlass.h">
      <Filter>Header Files</Filter>
    </ClInclude>
    <ClInclude Include="CFuncRotating.h">
      <Filter>Header Files</Filter>
    </ClInclude>
    <ClInclude Include="CFuncSmokeVolume.h">
      <Filter>Header Files</Filter>
    </ClInclude>
    <ClInclude Include="CFuncTrackTrain.h">
      <Filter>Header Files</Filter>
    </ClInclude>
    <ClInclude Include="CGameRulesProxy.h">
      <Filter>Header Files</Filter>
    </ClInclude>
    <ClInclude Include="CHandleTest.h">
      <Filter>Header Files</Filter>
    </ClInclude>
    <ClInclude Include="CInfoLadderDismount.h">
      <Filter>Header Files</Filter>
    </ClInclude>
    <ClInclude Include="CInfoOverlayAccessor.h">
      <Filter>Header Files</Filter>
    </ClInclude>
    <ClInclude Include="CLightGlow.h">
      <Filter>Header Files</Filter>
    </ClInclude>
    <ClInclude Include="CMaterialModifyControl.h">
      <Filter>Header Files</Filter>
    </ClInclude>
    <ClInclude Include="CMovieDisplay.h">
      <Filter>Header Files</Filter>
    </ClInclude>
    <ClInclude Include="CParticleFire.h">
      <Filter>Header Files</Filter>
    </ClInclude>
    <ClInclude Include="CParticlePerformanceMonitor.h">
      <Filter>Header Files</Filter>
    </ClInclude>
    <ClInclude Include="CParticleSystem.h">
      <Filter>Header Files</Filter>
    </ClInclude>
    <ClInclude Include="CPhysBox.h">
      <Filter>Header Files</Filter>
    </ClInclude>
    <ClInclude Include="CPhysBoxMultiplayer.h">
      <Filter>Header Files</Filter>
    </ClInclude>
    <ClInclude Include="CPhysicsProp.h">
      <Filter>Header Files</Filter>
    </ClInclude>
    <ClInclude Include="CPhysicsPropMultiplayer.h">
      <Filter>Header Files</Filter>
    </ClInclude>
    <ClInclude Include="CPhysMagnet.h">
      <Filter>Header Files</Filter>
    </ClInclude>
    <ClInclude Include="CPlasma.h">
      <Filter>Header Files</Filter>
    </ClInclude>
    <ClInclude Include="CPointCamera.h">
      <Filter>Header Files</Filter>
    </ClInclude>
    <ClInclude Include="CPointCommentaryNode.h">
      <Filter>Header Files</Filter>
    </ClInclude>
    <ClInclude Include="CPoseController.h">
      <Filter>Header Files</Filter>
    </ClInclude>
    <ClInclude Include="CPostProcessController.h">
      <Filter>Header Files</Filter>
    </ClInclude>
    <ClInclude Include="CPrecipitation.h">
      <Filter>Header Files</Filter>
    </ClInclude>
    <ClInclude Include="CPrecipitationBlocker.h">
      <Filter>Header Files</Filter>
    </ClInclude>
    <ClInclude Include="CProp_Hallucination.h">
      <Filter>Header Files</Filter>
    </ClInclude>
    <ClInclude Include="CPropDoorRotating.h">
      <Filter>Header Files</Filter>
    </ClInclude>
    <ClInclude Include="CPropVehicleDriveable.h">
      <Filter>Header Files</Filter>
    </ClInclude>
    <ClInclude Include="CRagdollManager.h">
      <Filter>Header Files</Filter>
    </ClInclude>
    <ClInclude Include="CRagdollProp.h">
      <Filter>Header Files</Filter>
    </ClInclude>
    <ClInclude Include="CRagdollPropAttached.h">
      <Filter>Header Files</Filter>
    </ClInclude>
    <ClInclude Include="CRopeKeyframe.h">
      <Filter>Header Files</Filter>
    </ClInclude>
    <ClInclude Include="CSceneEntity.h">
      <Filter>Header Files</Filter>
    </ClInclude>
    <ClInclude Include="CShadowControl.h">
      <Filter>Header Files</Filter>
    </ClInclude>
    <ClInclude Include="CSlideshowDisplay.h">
      <Filter>Header Files</Filter>
    </ClInclude>
    <ClInclude Include="CSmokeStack.h">
      <Filter>Header Files</Filter>
    </ClInclude>
    <ClInclude Include="CSpatialEntity.h">
      <Filter>Header Files</Filter>
    </ClInclude>
    <ClInclude Include="CSpotlightEnd.h">
      <Filter>Header Files</Filter>
    </ClInclude>
    <ClInclude Include="CSprite.h">
      <Filter>Header Files</Filter>
    </ClInclude>
    <ClInclude Include="CSpriteOriented.h">
      <Filter>Header Files</Filter>
    </ClInclude>
    <ClInclude Include="CSpriteTrail.h">
      <Filter>Header Files</Filter>
    </ClInclude>
    <ClInclude Include="CStatueProp.h">
      <Filter>Header Files</Filter>
    </ClInclude>
    <ClInclude Include="CSteamJet.h">
      <Filter>Header Files</Filter>
    </ClInclude>
    <ClInclude Include="CSun.h">
      <Filter>Header Files</Filter>
    </ClInclude>
    <ClInclude Include="CSunlightShadowControl.h">
      <Filter>Header Files</Filter>
    </ClInclude>
    <ClInclude Include="CTeam.h">
      <Filter>Header Files</Filter>
    </ClInclude>
    <ClInclude Include="CTeamShowcaseEditorManager.h">
      <Filter>Header Files</Filter>
    </ClInclude>
    <ClInclude Include="CTeamShowcasePlayer.h">
      <Filter>Header Files</Filter>
    </ClInclude>
    <ClInclude Include="CTEArmorRicochet.h">
      <Filter>Header Files</Filter>
    </ClInclude>
    <ClInclude Include="CTEBaseBeam.h">
      <Filter>Header Files</Filter>
    </ClInclude>
    <ClInclude Include="CTEBeamEntPoint.h">
      <Filter>Header Files</Filter>
    </ClInclude>
    <ClInclude Include="CTEBeamEnts.h">
      <Filter>Header Files</Filter>
    </ClInclude>
    <ClInclude Include="CTEBeamFollow.h">
      <Filter>Header Files</Filter>
    </ClInclude>
    <ClInclude Include="CTEBeamLaser.h">
      <Filter>Header Files</Filter>
    </ClInclude>
    <ClInclude Include="CTEBeamPoints.h">
      <Filter>Header Files</Filter>
    </ClInclude>
    <ClInclude Include="CTEBeamRing.h">
      <Filter>Header Files</Filter>
    </ClInclude>
    <ClInclude Include="CTEBeamRingPoint.h">
      <Filter>Header Files</Filter>
    </ClInclude>
    <ClInclude Include="CTEBeamSpline.h">
      <Filter>Header Files</Filter>
    </ClInclude>
    <ClInclude Include="CTEBloodSprite.h">
      <Filter>Header Files</Filter>
    </ClInclude>
    <ClInclude Include="CTEBloodStream.h">
      <Filter>Header Files</Filter>
    </ClInclude>
    <ClInclude Include="CTEBreakModel.h">
      <Filter>Header Files</Filter>
    </ClInclude>
    <ClInclude Include="CTEBSPDecal.h">
      <Filter>Header Files</Filter>
    </ClInclude>
    <ClInclude Include="CTEBubbles.h">
      <Filter>Header Files</Filter>
    </ClInclude>
    <ClInclude Include="CTEBubbleTrail.h">
      <Filter>Header Files</Filter>
    </ClInclude>
    <ClInclude Include="CTEClientProjectile.h">
      <Filter>Header Files</Filter>
    </ClInclude>
    <ClInclude Include="CTEDecal.h">
      <Filter>Header Files</Filter>
    </ClInclude>
    <ClInclude Include="CTEDotaBloodImpact.h">
      <Filter>Header Files</Filter>
    </ClInclude>
    <ClInclude Include="CTEDOTAProjectile.h">
      <Filter>Header Files</Filter>
    </ClInclude>
    <ClInclude Include="CTEDOTAProjectileLoc.h">
      <Filter>Header Files</Filter>
    </ClInclude>
    <ClInclude Include="CTEDust.h">
      <Filter>Header Files</Filter>
    </ClInclude>
    <ClInclude Include="CTEDynamicLight.h">
      <Filter>Header Files</Filter>
    </ClInclude>
    <ClInclude Include="CTEEffectDispatch.h">
      <Filter>Header Files</Filter>
    </ClInclude>
    <ClInclude Include="CTEEnergySplash.h">
      <Filter>Header Files</Filter>
    </ClInclude>
    <ClInclude Include="CTEExplosion.h">
      <Filter>Header Files</Filter>
    </ClInclude>
    <ClInclude Include="CTEFizz.h">
      <Filter>Header Files</Filter>
    </ClInclude>
    <ClInclude Include="CTEFootprintDecal.h">
      <Filter>Header Files</Filter>
    </ClInclude>
    <ClInclude Include="CTEFoundryHelpers.h">
      <Filter>Header Files</Filter>
    </ClInclude>
    <ClInclude Include="CTEGaussExplosion.h">
      <Filter>Header Files</Filter>
    </ClInclude>
    <ClInclude Include="CTEGlowSprite.h">
      <Filter>Header Files</Filter>
    </ClInclude>
    <ClInclude Include="CTEImpact.h">
      <Filter>Header Files</Filter>
    </ClInclude>
    <ClInclude Include="CTEKillPlayerAttachments.h">
      <Filter>Header Files</Filter>
    </ClInclude>
    <ClInclude Include="CTELargeFunnel.h">
      <Filter>Header Files</Filter>
    </ClInclude>
    <ClInclude Include="CTEMetalSparks.h">
      <Filter>Header Files</Filter>
    </ClInclude>
    <ClInclude Include="CTEMuzzleFlash.h">
      <Filter>Header Files</Filter>
    </ClInclude>
    <ClInclude Include="CTEParticleSystem.h">
      <Filter>Header Files</Filter>
    </ClInclude>
    <ClInclude Include="CTEPhysicsProp.h">
      <Filter>Header Files</Filter>
    </ClInclude>
    <ClInclude Include="CTEPlayerDecal.h">
      <Filter>Header Files</Filter>
    </ClInclude>
    <ClInclude Include="CTEProjectedDecal.h">
      <Filter>Header Files</Filter>
    </ClInclude>
    <ClInclude Include="CTEShatterSurface.h">
      <Filter>Header Files</Filter>
    </ClInclude>
    <ClInclude Include="CTEShowLine.h">
      <Filter>Header Files</Filter>
    </ClInclude>
    <ClInclude Include="CTesla.h">
      <Filter>Header Files</Filter>
    </ClInclude>
    <ClInclude Include="CTESmoke.h">
      <Filter>Header Files</Filter>
    </ClInclude>
    <ClInclude Include="CTESparks.h">
      <Filter>Header Files</Filter>
    </ClInclude>
    <ClInclude Include="CTESprite.h">
      <Filter>Header Files</Filter>
    </ClInclude>
    <ClInclude Include="CTESpriteSpray.h">
      <Filter>Header Files</Filter>
    </ClInclude>
    <ClInclude Include="CTest_ProxyToggle_Networkable.h">
      <Filter>Header Files</Filter>
    </ClInclude>
    <ClInclude Include="CTestTraceline.h">
      <Filter>Header Files</Filter>
    </ClInclude>
    <ClInclude Include="CTEUnitAnimation.h">
      <Filter>Header Files</Filter>
    </ClInclude>
    <ClInclude Include="CTEUnitAnimationEnd.h">
      <Filter>Header Files</Filter>
    </ClInclude>
    <ClInclude Include="CTEWorldDecal.h">
      <Filter>Header Files</Filter>
    </ClInclude>
    <ClInclude Include="CTFWearableItem.h">
      <Filter>Header Files</Filter>
    </ClInclude>
    <ClInclude Include="CTriggerCamera.h">
      <Filter>Header Files</Filter>
    </ClInclude>
    <ClInclude Include="CTriggerPlayerMovement.h">
      <Filter>Header Files</Filter>
    </ClInclude>
    <ClInclude Include="CVGuiScreen.h">
      <Filter>Header Files</Filter>
    </ClInclude>
    <ClInclude Include="CWaterBullet.h">
      <Filter>Header Files</Filter>
    </ClInclude>
    <ClInclude Include="CWaterLODControl.h">
      <Filter>Header Files</Filter>
    </ClInclude>
    <ClInclude Include="CWorld.h">
      <Filter>Header Files</Filter>
    </ClInclude>
    <ClInclude Include="DustTrail.h">
      <Filter>Header Files</Filter>
    </ClInclude>
    <ClInclude Include="MovieExplosion.h">
      <Filter>Header Files</Filter>
    </ClInclude>
    <ClInclude Include="NextBotCombatCharacter.h">
      <Filter>Header Files</Filter>
    </ClInclude>
    <ClInclude Include="ParticleSmokeGrenade.h">
      <Filter>Header Files</Filter>
    </ClInclude>
    <ClInclude Include="RocketTrail.h">
      <Filter>Header Files</Filter>
    </ClInclude>
    <ClInclude Include="SmokeTrail.h">
      <Filter>Header Files</Filter>
    </ClInclude>
    <ClInclude Include="SporeExplosion.h">
      <Filter>Header Files</Filter>
    </ClInclude>
    <ClInclude Include="SporeTrail.h">
      <Filter>Header Files</Filter>
    </ClInclude>
  </ItemGroup>
</Project>